
Microsoft Visual Studio Solution File, Format Version 12.00
# Visual Studio Version 17
VisualStudioVersion = 17.0.31903.59
MinimumVisualStudioVersion = 10.0.40219.1
Project("{2150E333-8FDC-42A3-9474-1A3956D46DE8}") = "src", "src", "{827E0CD3-B72D-47B6-A68D-7590B98EB39B}"
EndProject
Project("{FAE04EC0-301F-11D3-BF4B-00C04F79EFBC}") = "Bardie.Module.Source", "src\Bardie.Module.Source\Bardie.Module.Source.csproj", "{F6B06503-E8B4-4A08-B699-9F468B828F9A}"
EndProject
Project("{FAE04EC0-301F-11D3-BF4B-00C04F79EFBC}") = "Bardie.Logos.Contracts", "..\logos\src\Bardie.Logos.Contracts\Bardie.Logos.Contracts.csproj", "{29539972-AE7C-44F9-922E-935C14F84309}"
EndProject
Project("{FAE04EC0-301F-11D3-BF4B-00C04F79EFBC}") = "Bardie.Logos.Channel", "..\logos\src\Bardie.Logos.Channel\Bardie.Logos.Channel.csproj", "{BD0C56D2-AF62-4026-8DE3-9184FFCB42B8}"
EndProject
Project("{FAE04EC0-301F-11D3-BF4B-00C04F79EFBC}") = "Bardie.Module.Source.Debug", "src\Bardie.Module.Source.Debug\Bardie.Module.Source.Debug.csproj", "{CEACA014-F00F-4561-A583-6007AED68F7B}"
EndProject
Global
	GlobalSection(SolutionConfigurationPlatforms) = preSolution
		Debug|Any CPU = Debug|Any CPU
		Debug|x64 = Debug|x64
		Debug|x86 = Debug|x86
		Release|Any CPU = Release|Any CPU
		Release|x64 = Release|x64
		Release|x86 = Release|x86
	EndGlobalSection
	GlobalSection(ProjectConfigurationPlatforms) = postSolution
		{F6B06503-E8B4-4A08-B699-9F468B828F9A}.Debug|Any CPU.ActiveCfg = Debug|Any CPU
		{F6B06503-E8B4-4A08-B699-9F468B828F9A}.Debug|Any CPU.Build.0 = Debug|Any CPU
		{F6B06503-E8B4-4A08-B699-9F468B828F9A}.Debug|x64.ActiveCfg = Debug|Any CPU
		{F6B06503-E8B4-4A08-B699-9F468B828F9A}.Debug|x64.Build.0 = Debug|Any CPU
		{F6B06503-E8B4-4A08-B699-9F468B828F9A}.Debug|x86.ActiveCfg = Debug|Any CPU
		{F6B06503-E8B4-4A08-B699-9F468B828F9A}.Debug|x86.Build.0 = Debug|Any CPU
		{F6B06503-E8B4-4A08-B699-9F468B828F9A}.Release|Any CPU.ActiveCfg = Release|Any CPU
		{F6B06503-E8B4-4A08-B699-9F468B828F9A}.Release|Any CPU.Build.0 = Release|Any CPU
		{F6B06503-E8B4-4A08-B699-9F468B828F9A}.Release|x64.ActiveCfg = Release|Any CPU
		{F6B06503-E8B4-4A08-B699-9F468B828F9A}.Release|x64.Build.0 = Release|Any CPU
		{F6B06503-E8B4-4A08-B699-9F468B828F9A}.Release|x86.ActiveCfg = Release|Any CPU
		{F6B06503-E8B4-4A08-B699-9F468B828F9A}.Release|x86.Build.0 = Release|Any CPU
		{29539972-AE7C-44F9-922E-935C14F84309}.Debug|Any CPU.ActiveCfg = Debug|Any CPU
		{29539972-AE7C-44F9-922E-935C14F84309}.Debug|Any CPU.Build.0 = Debug|Any CPU
		{29539972-AE7C-44F9-922E-935C14F84309}.Debug|x64.ActiveCfg = Debug|Any CPU
		{29539972-AE7C-44F9-922E-935C14F84309}.Debug|x64.Build.0 = Debug|Any CPU
		{29539972-AE7C-44F9-922E-935C14F84309}.Debug|x86.ActiveCfg = Debug|Any CPU
		{29539972-AE7C-44F9-922E-935C14F84309}.Debug|x86.Build.0 = Debug|Any CPU
		{29539972-AE7C-44F9-922E-935C14F84309}.Release|Any CPU.ActiveCfg = Release|Any CPU
		{29539972-AE7C-44F9-922E-935C14F84309}.Release|Any CPU.Build.0 = Release|Any CPU
		{29539972-AE7C-44F9-922E-935C14F84309}.Release|x64.ActiveCfg = Release|Any CPU
		{29539972-AE7C-44F9-922E-935C14F84309}.Release|x64.Build.0 = Release|Any CPU
		{29539972-AE7C-44F9-922E-935C14F84309}.Release|x86.ActiveCfg = Release|Any CPU
		{29539972-AE7C-44F9-922E-935C14F84309}.Release|x86.Build.0 = Release|Any CPU
		{BD0C56D2-AF62-4026-8DE3-9184FFCB42B8}.Debug|Any CPU.ActiveCfg = Debug|Any CPU
		{BD0C56D2-AF62-4026-8DE3-9184FFCB42B8}.Debug|Any CPU.Build.0 = Debug|Any CPU
		{BD0C56D2-AF62-4026-8DE3-9184FFCB42B8}.Debug|x64.ActiveCfg = Debug|Any CPU
		{BD0C56D2-AF62-4026-8DE3-9184FFCB42B8}.Debug|x64.Build.0 = Debug|Any CPU
		{BD0C56D2-AF62-4026-8DE3-9184FFCB42B8}.Debug|x86.ActiveCfg = Debug|Any CPU
		{BD0C56D2-AF62-4026-8DE3-9184FFCB42B8}.Debug|x86.Build.0 = Debug|Any CPU
		{BD0C56D2-AF62-4026-8DE3-9184FFCB42B8}.Release|Any CPU.ActiveCfg = Release|Any CPU
		{BD0C56D2-AF62-4026-8DE3-9184FFCB42B8}.Release|Any CPU.Build.0 = Release|Any CPU
		{BD0C56D2-AF62-4026-8DE3-9184FFCB42B8}.Release|x64.ActiveCfg = Release|Any CPU
		{BD0C56D2-AF62-4026-8DE3-9184FFCB42B8}.Release|x64.Build.0 = Release|Any CPU
		{BD0C56D2-AF62-4026-8DE3-9184FFCB42B8}.Release|x86.ActiveCfg = Release|Any CPU
		{BD0C56D2-AF62-4026-8DE3-9184FFCB42B8}.Release|x86.Build.0 = Release|Any CPU
		{CEACA014-F00F-4561-A583-6007AED68F7B}.Debug|Any CPU.ActiveCfg = Debug|Any CPU
		{CEACA014-F00F-4561-A583-6007AED68F7B}.Debug|Any CPU.Build.0 = Debug|Any CPU
		{CEACA014-F00F-4561-A583-6007AED68F7B}.Debug|x64.ActiveCfg = Debug|Any CPU
		{CEACA014-F00F-4561-A583-6007AED68F7B}.Debug|x64.Build.0 = Debug|Any CPU
		{CEACA014-F00F-4561-A583-6007AED68F7B}.Debug|x86.ActiveCfg = Debug|Any CPU
		{CEACA014-F00F-4561-A583-6007AED68F7B}.Debug|x86.Build.0 = Debug|Any CPU
		{CEACA014-F00F-4561-A583-6007AED68F7B}.Release|Any CPU.ActiveCfg = Release|Any CPU
		{CEACA014-F00F-4561-A583-6007AED68F7B}.Release|Any CPU.Build.0 = Release|Any CPU
		{CEACA014-F00F-4561-A583-6007AED68F7B}.Release|x64.ActiveCfg = Release|Any CPU
		{CEACA014-F00F-4561-A583-6007AED68F7B}.Release|x64.Build.0 = Release|Any CPU
		{CEACA014-F00F-4561-A583-6007AED68F7B}.Release|x86.ActiveCfg = Release|Any CPU
		{CEACA014-F00F-4561-A583-6007AED68F7B}.Release|x86.Build.0 = Release|Any CPU
	EndGlobalSection
	GlobalSection(SolutionProperties) = preSolution
		HideSolutionNode = FALSE
	EndGlobalSection
	GlobalSection(NestedProjects) = preSolution
		{F6B06503-E8B4-4A08-B699-9F468B828F9A} = {827E0CD3-B72D-47B6-A68D-7590B98EB39B}
		{CEACA014-F00F-4561-A583-6007AED68F7B} = {827E0CD3-B72D-47B6-A68D-7590B98EB39B}
	EndGlobalSection
EndGlobal
